// !$*UTF8*$!
{
	archiveVersion = 1;
	classes = {
	};
	objectVersion = 50;
	objects = {

/* Begin PBXBuildFile section */
		793E6C6A254223F100BE952E /* SenatorController.swift in Sources */ = {isa = PBXBuildFile; fileRef = 793E6C69254223F100BE952E /* SenatorController.swift */; };
		79618B2124D53043001B5731 /* AppDelegate.swift in Sources */ = {isa = PBXBuildFile; fileRef = 79618B2024D53043001B5731 /* AppDelegate.swift */; };
		79618B2324D53043001B5731 /* SceneDelegate.swift in Sources */ = {isa = PBXBuildFile; fileRef = 79618B2224D53043001B5731 /* SceneDelegate.swift */; };
		79618B2824D53043001B5731 /* Main.storyboard in Resources */ = {isa = PBXBuildFile; fileRef = 79618B2624D53043001B5731 /* Main.storyboard */; };
		79618B2A24D53044001B5731 /* Assets.xcassets in Resources */ = {isa = PBXBuildFile; fileRef = 79618B2924D53044001B5731 /* Assets.xcassets */; };
		79618B2D24D53044001B5731 /* LaunchScreen.storyboard in Resources */ = {isa = PBXBuildFile; fileRef = 79618B2B24D53044001B5731 /* LaunchScreen.storyboard */; };
		79618B3624D530D6001B5731 /* Senator.swift in Sources */ = {isa = PBXBuildFile; fileRef = 79618B3524D530D6001B5731 /* Senator.swift */; };
		79618B3824D530E8001B5731 /* Representative.swift in Sources */ = {isa = PBXBuildFile; fileRef = 79618B3724D530E8001B5731 /* Representative.swift */; };
		79618B3E24D54122001B5731 /* NetworkEnums.swift in Sources */ = {isa = PBXBuildFile; fileRef = 79618B3D24D54122001B5731 /* NetworkEnums.swift */; };
		79ADC28725475B7D0031E55F /* SenatorViewController.swift in Sources */ = {isa = PBXBuildFile; fileRef = 79ADC28625475B7D0031E55F /* SenatorViewController.swift */; };
/* End PBXBuildFile section */

/* Begin PBXFileReference section */
		793E6C69254223F100BE952E /* SenatorController.swift */ = {isa = PBXFileReference; lastKnownFileType = sourcecode.swift; path = SenatorController.swift; sourceTree = "<group>"; };
		79618B1D24D53043001B5731 /* Reppy.app */ = {isa = PBXFileReference; explicitFileType = wrapper.application; includeInIndex = 0; path = Reppy.app; sourceTree = BUILT_PRODUCTS_DIR; };
		79618B2024D53043001B5731 /* AppDelegate.swift */ = {isa = PBXFileReference; lastKnownFileType = sourcecode.swift; path = AppDelegate.swift; sourceTree = "<group>"; };
		79618B2224D53043001B5731 /* SceneDelegate.swift */ = {isa = PBXFileReference; lastKnownFileType = sourcecode.swift; path = SceneDelegate.swift; sourceTree = "<group>"; };
		79618B2724D53043001B5731 /* Base */ = {isa = PBXFileReference; lastKnownFileType = file.storyboard; name = Base; path = Base.lproj/Main.storyboard; sourceTree = "<group>"; };
		79618B2924D53044001B5731 /* Assets.xcassets */ = {isa = PBXFileReference; lastKnownFileType = folder.assetcatalog; path = Assets.xcassets; sourceTree = "<group>"; };
		79618B2C24D53044001B5731 /* Base */ = {isa = PBXFileReference; lastKnownFileType = file.storyboard; name = Base; path = Base.lproj/LaunchScreen.storyboard; sourceTree = "<group>"; };
		79618B2E24D53044001B5731 /* Info.plist */ = {isa = PBXFileReference; lastKnownFileType = text.plist.xml; path = Info.plist; sourceTree = "<group>"; };
		79618B3524D530D6001B5731 /* Senator.swift */ = {isa = PBXFileReference; lastKnownFileType = sourcecode.swift; path = Senator.swift; sourceTree = "<group>"; };
		79618B3724D530E8001B5731 /* Representative.swift */ = {isa = PBXFileReference; lastKnownFileType = sourcecode.swift; path = Representative.swift; sourceTree = "<group>"; };
		79618B3D24D54122001B5731 /* NetworkEnums.swift */ = {isa = PBXFileReference; lastKnownFileType = sourcecode.swift; path = NetworkEnums.swift; sourceTree = "<group>"; };
		79ADC28625475B7D0031E55F /* SenatorViewController.swift */ = {isa = PBXFileReference; lastKnownFileType = sourcecode.swift; path = SenatorViewController.swift; sourceTree = "<group>"; };
/* End PBXFileReference section */

/* Begin PBXFrameworksBuildPhase section */
		79618B1A24D53043001B5731 /* Frameworks */ = {
			isa = PBXFrameworksBuildPhase;
			buildActionMask = 2147483647;
			files = (
			);
			runOnlyForDeploymentPostprocessing = 0;
		};
/* End PBXFrameworksBuildPhase section */

/* Begin PBXGroup section */
		79618B1424D53043001B5731 = {
			isa = PBXGroup;
			children = (
				79618B1F24D53043001B5731 /* Reppy */,
				79618B1E24D53043001B5731 /* Products */,
			);
			sourceTree = "<group>";
		};
		79618B1E24D53043001B5731 /* Products */ = {
			isa = PBXGroup;
			children = (
				79618B1D24D53043001B5731 /* Reppy.app */,
			);
			name = Products;
			sourceTree = "<group>";
		};
		79618B1F24D53043001B5731 /* Reppy */ = {
			isa = PBXGroup;
			children = (
				79618B3F24D5432F001B5731 /* View Controllers */,
				79618B3C24D54106001B5731 /* Helpers */,
				79618B3924D53EAD001B5731 /* Model Controller */,
				79618B3424D530BE001B5731 /* Models */,
				79618B2024D53043001B5731 /* AppDelegate.swift */,
				79618B2224D53043001B5731 /* SceneDelegate.swift */,
				79618B2624D53043001B5731 /* Main.storyboard */,
				79618B2924D53044001B5731 /* Assets.xcassets */,
				79618B2B24D53044001B5731 /* LaunchScreen.storyboard */,
				79618B2E24D53044001B5731 /* Info.plist */,
			);
			path = Reppy;
			sourceTree = "<group>";
		};
		79618B3424D530BE001B5731 /* Models */ = {
			isa = PBXGroup;
			children = (
				79618B3524D530D6001B5731 /* Senator.swift */,
				79618B3724D530E8001B5731 /* Representative.swift */,
			);
			path = Models;
			sourceTree = "<group>";
		};
		79618B3924D53EAD001B5731 /* Model Controller */ = {
			isa = PBXGroup;
			children = (
				793E6C69254223F100BE952E /* SenatorController.swift */,
			);
			path = "Model Controller";
			sourceTree = "<group>";
		};
		79618B3C24D54106001B5731 /* Helpers */ = {
			isa = PBXGroup;
			children = (
				79618B3D24D54122001B5731 /* NetworkEnums.swift */,
			);
			path = Helpers;
			sourceTree = "<group>";
		};
		79618B3F24D5432F001B5731 /* View Controllers */ = {
			isa = PBXGroup;
			children = (
				79ADC28625475B7D0031E55F /* SenatorViewController.swift */,
			);
			path = "View Controllers";
			sourceTree = "<group>";
		};
/* End PBXGroup section */

/* Begin PBXNativeTarget section */
		79618B1C24D53043001B5731 /* Reppy */ = {
			isa = PBXNativeTarget;
			buildConfigurationList = 79618B3124D53044001B5731 /* Build configuration list for PBXNativeTarget "Reppy" */;
			buildPhases = (
				79618B1924D53043001B5731 /* Sources */,
				79618B1A24D53043001B5731 /* Frameworks */,
				79618B1B24D53043001B5731 /* Resources */,
			);
			buildRules = (
			);
			dependencies = (
			);
			name = Reppy;
			productName = Reppy;
			productReference = 79618B1D24D53043001B5731 /* Reppy.app */;
			productType = "com.apple.product-type.application";
		};
/* End PBXNativeTarget section */

/* Begin PBXProject section */
		79618B1524D53043001B5731 /* Project object */ = {
			isa = PBXProject;
			attributes = {
				LastSwiftUpdateCheck = 1160;
				LastUpgradeCheck = 1200;
				ORGANIZATIONNAME = "Enzo Jimenez-Soto";
				TargetAttributes = {
					79618B1C24D53043001B5731 = {
						CreatedOnToolsVersion = 11.6;
					};
				};
			};
			buildConfigurationList = 79618B1824D53043001B5731 /* Build configuration list for PBXProject "Reppy" */;
			compatibilityVersion = "Xcode 9.3";
			developmentRegion = en;
			hasScannedForEncodings = 0;
			knownRegions = (
				en,
				Base,
			);
			mainGroup = 79618B1424D53043001B5731;
			productRefGroup = 79618B1E24D53043001B5731 /* Products */;
			projectDirPath = "";
			projectRoot = "";
			targets = (
				79618B1C24D53043001B5731 /* Reppy */,
			);
		};
/* End PBXProject section */

/* Begin PBXResourcesBuildPhase section */
		79618B1B24D53043001B5731 /* Resources */ = {
			isa = PBXResourcesBuildPhase;
			buildActionMask = 2147483647;
			files = (
				79618B2D24D53044001B5731 /* LaunchScreen.storyboard in Resources */,
				79618B2A24D53044001B5731 /* Assets.xcassets in Resources */,
				79618B2824D53043001B5731 /* Main.storyboard in Resources */,
			);
			runOnlyForDeploymentPostprocessing = 0;
		};
/* End PBXResourcesBuildPhase section */

/* Begin PBXSourcesBuildPhase section */
		79618B1924D53043001B5731 /* Sources */ = {
			isa = PBXSourcesBuildPhase;
			buildActionMask = 2147483647;
			files = (
				79ADC28725475B7D0031E55F /* SenatorViewController.swift in Sources */,
				79618B3824D530E8001B5731 /* Representative.swift in Sources */,
				79618B3624D530D6001B5731 /* Senator.swift in Sources */,
				79618B2124D53043001B5731 /* AppDelegate.swift in Sources */,
				793E6C6A254223F100BE952E /* SenatorController.swift in Sources */,
				79618B2324D53043001B5731 /* SceneDelegate.swift in Sources */,
				79618B3E24D54122001B5731 /* NetworkEnums.swift in Sources */,
			);
			runOnlyForDeploymentPostprocessing = 0;
		};
/* End PBXSourcesBuildPhase section */

/* Begin PBXVariantGroup section */
		79618B2624D53043001B5731 /* Main.storyboard */ = {
			isa = PBXVariantGroup;
			children = (
				79618B2724D53043001B5731 /* Base */,
			);
			name = Main.storyboard;
			sourceTree = "<group>";
		};
		79618B2B24D53044001B5731 /* LaunchScreen.storyboard */ = {
			isa = PBXVariantGroup;
			children = (
				79618B2C24D53044001B5731 /* Base */,
			);
			name = LaunchScreen.storyboard;
			sourceTree = "<group>";
		};
/* End PBXVariantGroup section */

/* Begin XCBuildConfiguration section */
		79618B2F24D53044001B5731 /* Debug */ = {
			isa = XCBuildConfiguration;
			buildSettings = {
				ALWAYS_SEARCH_USER_PATHS = NO;
				CLANG_ANALYZER_NONNULL = YES;
				CLANG_ANALYZER_NUMBER_OBJECT_CONVERSION = YES_AGGRESSIVE;
				CLANG_CXX_LANGUAGE_STANDARD = "gnu++14";
				CLANG_CXX_LIBRARY = "libc++";
				CLANG_ENABLE_MODULES = YES;
				CLANG_ENABLE_OBJC_ARC = YES;
				CLANG_ENABLE_OBJC_WEAK = YES;
				CLANG_WARN_BLOCK_CAPTURE_AUTORELEASING = YES;
				CLANG_WARN_BOOL_CONVERSION = YES;
				CLANG_WARN_COMMA = YES;
				CLANG_WARN_CONSTANT_CONVERSION = YES;
				CLANG_WARN_DEPRECATED_OBJC_IMPLEMENTATIONS = YES;
				CLANG_WARN_DIRECT_OBJC_ISA_USAGE = YES_ERROR;
				CLANG_WARN_DOCUMENTATION_COMMENTS = YES;
				CLANG_WARN_EMPTY_BODY = YES;
				CLANG_WARN_ENUM_CONVERSION = YES;
				CLANG_WARN_INFINITE_RECURSION = YES;
				CLANG_WARN_INT_CONVERSION = YES;
				CLANG_WARN_NON_LITERAL_NULL_CONVERSION = YES;
				CLANG_WARN_OBJC_IMPLICIT_RETAIN_SELF = YES;
				CLANG_WARN_OBJC_LITERAL_CONVERSION = YES;
				CLANG_WARN_OBJC_ROOT_CLASS = YES_ERROR;
				CLANG_WARN_QUOTED_INCLUDE_IN_FRAMEWORK_HEADER = YES;
				CLANG_WARN_RANGE_LOOP_ANALYSIS = YES;
				CLANG_WARN_STRICT_PROTOTYPES = YES;
				CLANG_WARN_SUSPICIOUS_MOVE = YES;
				CLANG_WARN_UNGUARDED_AVAILABILITY = YES_AGGRESSIVE;
				CLANG_WARN_UNREACHABLE_CODE = YES;
				CLANG_WARN__DUPLICATE_METHOD_MATCH = YES;
				COPY_PHASE_STRIP = NO;
				DEBUG_INFORMATION_FORMAT = dwarf;
				ENABLE_STRICT_OBJC_MSGSEND = YES;
				ENABLE_TESTABILITY = YES;
				GCC_C_LANGUAGE_STANDARD = gnu11;
				GCC_DYNAMIC_NO_PIC = NO;
				GCC_NO_COMMON_BLOCKS = YES;
				GCC_OPTIMIZATION_LEVEL = 0;
				GCC_PREPROCESSOR_DEFINITIONS = (
					"DEBUG=1",
					"$(inherited)",
				);
				GCC_WARN_64_TO_32_BIT_CONVERSION = YES;
				GCC_WARN_ABOUT_RETURN_TYPE = YES_ERROR;
				GCC_WARN_UNDECLARED_SELECTOR = YES;
				GCC_WARN_UNINITIALIZED_AUTOS = YES_AGGRESSIVE;
				GCC_WARN_UNUSED_FUNCTION = YES;
				GCC_WARN_UNUSED_VARIABLE = YES;
				IPHONEOS_DEPLOYMENT_TARGET = 13.6;
				MTL_ENABLE_DEBUG_INFO = INCLUDE_SOURCE;
				MTL_FAST_MATH = YES;
				ONLY_ACTIVE_ARCH = YES;
				SDKROOT = iphoneos;
				SWIFT_ACTIVE_COMPILATION_CONDITIONS = DEBUG;
				SWIFT_OPTIMIZATION_LEVEL = "-Onone";
			};
			name = Debug;
		};
		79618B3024D53044001B5731 /* Release */ = {
			isa = XCBuildConfiguration;
			buildSettings = {
				ALWAYS_SEARCH_USER_PATHS = NO;
				CLANG_ANALYZER_NONNULL = YES;
				CLANG_ANALYZER_NUMBER_OBJECT_CONVERSION = YES_AGGRESSIVE;
				CLANG_CXX_LANGUAGE_STANDARD = "gnu++14";
				CLANG_CXX_LIBRARY = "libc++";
				CLANG_ENABLE_MODULES = YES;
				CLANG_ENABLE_OBJC_ARC = YES;
				CLANG_ENABLE_OBJC_WEAK = YES;
				CLANG_WARN_BLOCK_CAPTURE_AUTORELEASING = YES;
				CLANG_WARN_BOOL_CONVERSION = YES;
				CLANG_WARN_COMMA = YES;
				CLANG_WARN_CONSTANT_CONVERSION = YES;
				CLANG_WARN_DEPRECATED_OBJC_IMPLEMENTATIONS = YES;
				CLANG_WARN_DIRECT_OBJC_ISA_USAGE = YES_ERROR;
				CLANG_WARN_DOCUMENTATION_COMMENTS = YES;
				CLANG_WARN_EMPTY_BODY = YES;
				CLANG_WARN_ENUM_CONVERSION = YES;
				CLANG_WARN_INFINITE_RECURSION = YES;
				CLANG_WARN_INT_CONVERSION = YES;
				CLANG_WARN_NON_LITERAL_NULL_CONVERSION = YES;
				CLANG_WARN_OBJC_IMPLICIT_RETAIN_SELF = YES;
				CLANG_WARN_OBJC_LITERAL_CONVERSION = YES;
				CLANG_WARN_OBJC_ROOT_CLASS = YES_ERROR;
				CLANG_WARN_QUOTED_INCLUDE_IN_FRAMEWORK_HEADER = YES;
				CLANG_WARN_RANGE_LOOP_ANALYSIS = YES;
				CLANG_WARN_STRICT_PROTOTYPES = YES;
				CLANG_WARN_SUSPICIOUS_MOVE = YES;
				CLANG_WARN_UNGUARDED_AVAILABILITY = YES_AGGRESSIVE;
				CLANG_WARN_UNREACHABLE_CODE = YES;
				CLANG_WARN__DUPLICATE_METHOD_MATCH = YES;
				COPY_PHASE_STRIP = NO;
				DEBUG_INFORMATION_FORMAT = "dwarf-with-dsym";
				ENABLE_NS_ASSERTIONS = NO;
				ENABLE_STRICT_OBJC_MSGSEND = YES;
				GCC_C_LANGUAGE_STANDARD = gnu11;
				GCC_NO_COMMON_BLOCKS = YES;
				GCC_WARN_64_TO_32_BIT_CONVERSION = YES;
				GCC_WARN_ABOUT_RETURN_TYPE = YES_ERROR;
				GCC_WARN_UNDECLARED_SELECTOR = YES;
				GCC_WARN_UNINITIALIZED_AUTOS = YES_AGGRESSIVE;
				GCC_WARN_UNUSED_FUNCTION = YES;
				GCC_WARN_UNUSED_VARIABLE = YES;
				IPHONEOS_DEPLOYMENT_TARGET = 13.6;
				MTL_ENABLE_DEBUG_INFO = NO;
				MTL_FAST_MATH = YES;
				SDKROOT = iphoneos;
				SWIFT_COMPILATION_MODE = wholemodule;
				SWIFT_OPTIMIZATION_LEVEL = "-O";
				VALIDATE_PRODUCT = YES;
			};
			name = Release;
		};
		79618B3224D53044001B5731 /* Debug */ = {
			isa = XCBuildConfiguration;
			buildSettings = {
				ASSETCATALOG_COMPILER_APPICON_NAME = AppIcon;
				CODE_SIGN_STYLE = Automatic;
				DEVELOPMENT_TEAM = 59V75HSK6N;
				INFOPLIST_FILE = Reppy/Info.plist;
				LD_RUNPATH_SEARCH_PATHS = (
					"$(inherited)",
					"@executable_path/Frameworks",
				);
				PRODUCT_BUNDLE_IDENTIFIER = com.EnzoJimenezSoto.Reppy;
				PRODUCT_NAME = "$(TARGET_NAME)";
				SWIFT_VERSION = 5.0;
				TARGETED_DEVICE_FAMILY = "1,2";
			};
			name = Debug;
		};
		79618B3324D53044001B5731 /* Release */ = {
			isa = XCBuildConfiguration;
			buildSettings = {
				ASSETCATALOG_COMPILER_APPICON_NAME = AppIcon;
				CODE_SIGN_STYLE = Automatic;
				DEVELOPMENT_TEAM = 59V75HSK6N;
				INFOPLIST_FILE = Reppy/Info.plist;
				LD_RUNPATH_SEARCH_PATHS = (
					"$(inherited)",
					"@executable_path/Frameworks",
				);
				PRODUCT_BUNDLE_IDENTIFIER = com.EnzoJimenezSoto.Reppy;
				PRODUCT_NAME = "$(TARGET_NAME)";
				SWIFT_VERSION = 5.0;
				TARGETED_DEVICE_FAMILY = "1,2";
			};
			name = Release;
		};
/* End XCBuildConfiguration section */

/* Begin XCConfigurationList section */
		79618B1824D53043001B5731 /* Build configuration list for PBXProject "Reppy" */ = {
			isa = XCConfigurationList;
			buildConfigurations = (
				79618B2F24D53044001B5731 /* Debug */,
				79618B3024D53044001B5731 /* Release */,
			);
			defaultConfigurationIsVisible = 0;
			defaultConfigurationName = Release;
		};
		79618B3124D53044001B5731 /* Build configuration list for PBXNativeTarget "Reppy" */ = {
			isa = XCConfigurationList;
			buildConfigurations = (
				79618B3224D53044001B5731 /* Debug */,
				79618B3324D53044001B5731 /* Release */,
			);
			defaultConfigurationIsVisible = 0;
			defaultConfigurationName = Release;
		};
/* End XCConfigurationList section */
	};
	rootObject = 79618B1524D53043001B5731 /* Project object */;
}
